
Microsoft Visual Studio Solution File, Format Version 12.00
# Visual Studio Version 17
VisualStudioVersion = 17.7.34031.279
MinimumVisualStudioVersion = 10.0.40219.1
Project("{8BC9CEB8-8B4A-11D0-8D11-00A0C91BC942}") = "BIDMASConsoleCalculator", "BIDMASConsoleCalculator.vcxproj", "{CCF46385-A9C4-4B0B-9E5E-850732242B3B}"
EndProject
Global
	GlobalSection(SolutionConfigurationPlatforms) = preSolution
		Debug|x64 = Debug|x64
		Debug|x86 = Debug|x86
		Release|x64 = Release|x64
		Release|x86 = Release|x86
	EndGlobalSection
	GlobalSection(ProjectConfigurationPlatforms) = postSolution
		{CCF46385-A9C4-4B0B-9E5E-850732242B3B}.Debug|x64.ActiveCfg = Debug|x64
		{CCF46385-A9C4-4B0B-9E5E-850732242B3B}.Debug|x64.Build.0 = Debug|x64
		{CCF46385-A9C4-4B0B-9E5E-850732242B3B}.Debug|x86.ActiveCfg = Debug|Win32
		{CCF46385-A9C4-4B0B-9E5E-850732242B3B}.Debug|x86.Build.0 = Debug|Win32
		{CCF46385-A9C4-4B0B-9E5E-850732242B3B}.Release|x64.ActiveCfg = Release|x64
		{CCF46385-A9C4-4B0B-9E5E-850732242B3B}.Release|x64.Build.0 = Release|x64
		{CCF46385-A9C4-4B0B-9E5E-850732242B3B}.Release|x86.ActiveCfg = Release|Win32
		{CCF46385-A9C4-4B0B-9E5E-850732242B3B}.Release|x86.Build.0 = Release|Win32
	EndGlobalSection
	GlobalSection(SolutionProperties) = preSolution
		HideSolutionNode = FALSE
	EndGlobalSection
	GlobalSection(ExtensibilityGlobals) = postSolution
		SolutionGuid = {0441184B-DD44-4184-B388-12F9D6EF0D52}
	EndGlobalSection
EndGlobal
